
Microsoft Visual Studio Solution File, Format Version 12.00
# Visual Studio Version 16
VisualStudioVersion = 16.0.29409.12
MinimumVisualStudioVersion = 10.0.40219.1
Project("{2150E333-8FDC-42A3-9474-1A3956D46DE8}") = "00-Core Layer", "00-Core Layer", "{7DA0E193-92A5-41DE-B154-F11ED684E0C6}"
EndProject
Project("{FAE04EC0-301F-11D3-BF4B-00C04F79EFBC}") = "ArticleProject.Core", "ArticleProject.Core\ArticleProject.Core.csproj", "{B55E8657-A78F-486E-A2C0-20F3FD1C3CBC}"
EndProject
Project("{2150E333-8FDC-42A3-9474-1A3956D46DE8}") = "01-Entities Layer", "01-Entities Layer", "{AF06DAE2-CDF2-493C-8E5E-BEA599098740}"
EndProject
Project("{2150E333-8FDC-42A3-9474-1A3956D46DE8}") = "02-Data Access Layer", "02-Data Access Layer", "{AAB634E4-DFF0-45BE-B14A-9DD550DA0E02}"
EndProject
Project("{2150E333-8FDC-42A3-9474-1A3956D46DE8}") = "03-Business Layer", "03-Business Layer", "{2A5584C5-67A8-4885-9EAD-84710A37E927}"
EndProject
Project("{2150E333-8FDC-42A3-9474-1A3956D46DE8}") = "04-WebAPI Layer", "04-WebAPI Layer", "{BD99487E-FA4B-4718-B5F9-3510A3575D82}"
EndProject
Project("{2150E333-8FDC-42A3-9474-1A3956D46DE8}") = "05-Cross Cutting Concerns Layer", "05-Cross Cutting Concerns Layer", "{0333016A-3D20-4160-9A2B-ADB74421BE0F}"
EndProject
Project("{2150E333-8FDC-42A3-9474-1A3956D46DE8}") = "06-UI Layer", "06-UI Layer", "{A70DA849-9C72-420F-ABF8-E82513AD91EC}"
EndProject
Project("{FAE04EC0-301F-11D3-BF4B-00C04F79EFBC}") = "ArticleProject.DataAccess", "ArticleProject.DataAccess\ArticleProject.DataAccess.csproj", "{6AB98980-34CA-405A-93C5-8D807D3842ED}"
EndProject
Project("{FAE04EC0-301F-11D3-BF4B-00C04F79EFBC}") = "ArticleProject.Entities", "ArticleProject.Entities\ArticleProject.Entities.csproj", "{BB868038-355D-4AF5-BF70-6E56A98401EE}"
EndProject
Project("{FAE04EC0-301F-11D3-BF4B-00C04F79EFBC}") = "ArticleProject.Business", "ArticleProject.Business\ArticleProject.Business.csproj", "{76863D47-7D9B-4154-BB14-306AEF14B206}"
EndProject
Global
	GlobalSection(SolutionConfigurationPlatforms) = preSolution
		Debug|Any CPU = Debug|Any CPU
		Release|Any CPU = Release|Any CPU
	EndGlobalSection
	GlobalSection(ProjectConfigurationPlatforms) = postSolution
		{B55E8657-A78F-486E-A2C0-20F3FD1C3CBC}.Debug|Any CPU.ActiveCfg = Debug|Any CPU
		{B55E8657-A78F-486E-A2C0-20F3FD1C3CBC}.Debug|Any CPU.Build.0 = Debug|Any CPU
		{B55E8657-A78F-486E-A2C0-20F3FD1C3CBC}.Release|Any CPU.ActiveCfg = Release|Any CPU
		{B55E8657-A78F-486E-A2C0-20F3FD1C3CBC}.Release|Any CPU.Build.0 = Release|Any CPU
		{6AB98980-34CA-405A-93C5-8D807D3842ED}.Debug|Any CPU.ActiveCfg = Debug|Any CPU
		{6AB98980-34CA-405A-93C5-8D807D3842ED}.Debug|Any CPU.Build.0 = Debug|Any CPU
		{6AB98980-34CA-405A-93C5-8D807D3842ED}.Release|Any CPU.ActiveCfg = Release|Any CPU
		{6AB98980-34CA-405A-93C5-8D807D3842ED}.Release|Any CPU.Build.0 = Release|Any CPU
		{BB868038-355D-4AF5-BF70-6E56A98401EE}.Debug|Any CPU.ActiveCfg = Debug|Any CPU
		{BB868038-355D-4AF5-BF70-6E56A98401EE}.Debug|Any CPU.Build.0 = Debug|Any CPU
		{BB868038-355D-4AF5-BF70-6E56A98401EE}.Release|Any CPU.ActiveCfg = Release|Any CPU
		{BB868038-355D-4AF5-BF70-6E56A98401EE}.Release|Any CPU.Build.0 = Release|Any CPU
		{76863D47-7D9B-4154-BB14-306AEF14B206}.Debug|Any CPU.ActiveCfg = Debug|Any CPU
		{76863D47-7D9B-4154-BB14-306AEF14B206}.Debug|Any CPU.Build.0 = Debug|Any CPU
		{76863D47-7D9B-4154-BB14-306AEF14B206}.Release|Any CPU.ActiveCfg = Release|Any CPU
		{76863D47-7D9B-4154-BB14-306AEF14B206}.Release|Any CPU.Build.0 = Release|Any CPU
	EndGlobalSection
	GlobalSection(SolutionProperties) = preSolution
		HideSolutionNode = FALSE
	EndGlobalSection
	GlobalSection(NestedProjects) = preSolution
		{B55E8657-A78F-486E-A2C0-20F3FD1C3CBC} = {7DA0E193-92A5-41DE-B154-F11ED684E0C6}
		{6AB98980-34CA-405A-93C5-8D807D3842ED} = {AAB634E4-DFF0-45BE-B14A-9DD550DA0E02}
		{BB868038-355D-4AF5-BF70-6E56A98401EE} = {AF06DAE2-CDF2-493C-8E5E-BEA599098740}
		{76863D47-7D9B-4154-BB14-306AEF14B206} = {2A5584C5-67A8-4885-9EAD-84710A37E927}
	EndGlobalSection
	GlobalSection(ExtensibilityGlobals) = postSolution
		SolutionGuid = {7C572344-A58D-4FEF-94C3-FE1B2F925828}
	EndGlobalSection
EndGlobal
